{
	"name": "@depository/nano-router-plugin",
	"version": "0.16.0",
	"lockfileVersion": 1,
	"requires": true,
	"dependencies": {
		"unexpected": {
			"version": "12.0.0",
			"resolved": "https://registry.npmjs.org/unexpected/-/unexpected-12.0.0.tgz",
			"integrity": "sha512-fvfae3tGahPNRp3biVWDVGj/E3XHsD1uOr9/nf9cxV5zaaAtncRu2L2sVOeU2e3BJ7+kfVSyo/vakECBykPA6g==",
			"dev": true,
			"requires": {
				"array-changes": "3.0.1",
				"array-changes-async": "3.0.1",
				"detect-indent": "3.0.1",
				"diff": "^5.0.0",
				"greedy-interval-packer": "1.2.0",
				"magicpen": "^6.2.1",
				"ukkonen": "^1.4.0",
				"unexpected-bluebird": "2.9.34-longstack2"
			},
			"dependencies": {
				"ansi-styles": {
					"version": "2.0.0",
					"resolved": "https://registry.npmjs.org/ansi-styles/-/ansi-styles-2.0.0.tgz",
					"integrity": "sha1-QysmFi/qG2PIeIlqvIzFVI8lBj4=",
					"dev": true
				},
				"array-changes": {
					"version": "3.0.1",
					"resolved": "https://registry.npmjs.org/array-changes/-/array-changes-3.0.1.tgz",
					"integrity": "sha512-UYXV+qUaTKJO3GUBVfD6b9Mu7wUzDvpfovZKtbxNJApwRUifgrJMidvE+/rbqV3wCffly5HXcbOW3/7shmmEag==",
					"dev": true,
					"requires": {
						"arraydiff-papandreou": "0.1.1-patch1"
					}
				},
				"array-changes-async": {
					"version": "3.0.1",
					"resolved": "https://registry.npmjs.org/array-changes-async/-/array-changes-async-3.0.1.tgz",
					"integrity": "sha512-WNHLhMOTzntixkBxNm/MiWCNKuC4FMYXk6DKuzZUbkWXAe0Xomwv40SEUicfOuHHtW7Ue661Mc5AJA0AOfqApg==",
					"dev": true,
					"requires": {
						"arraydiff-async": "0.2.0"
					}
				},
				"arraydiff-async": {
					"version": "0.2.0",
					"resolved": "https://registry.npmjs.org/arraydiff-async/-/arraydiff-async-0.2.0.tgz",
					"integrity": "sha1-uwUouY6BS3AvAfSWvHO+w+V/QIY=",
					"dev": true
				},
				"arraydiff-papandreou": {
					"version": "0.1.1-patch1",
					"resolved": "https://registry.npmjs.org/arraydiff-papandreou/-/arraydiff-papandreou-0.1.1-patch1.tgz",
					"integrity": "sha1-ApAnC/27Sy762LdIJjitWnIQkhA=",
					"dev": true
				},
				"color-diff": {
					"version": "0.1.7",
					"resolved": "https://registry.npmjs.org/color-diff/-/color-diff-0.1.7.tgz",
					"integrity": "sha1-bbeM2UgqjkWdQIIer0tQMoPcuOI=",
					"dev": true
				},
				"detect-indent": {
					"version": "3.0.1",
					"resolved": "https://registry.npmjs.org/detect-indent/-/detect-indent-3.0.1.tgz",
					"integrity": "sha1-ncXl3bzu+DJXZLlFGwK8bVQIT3U=",
					"dev": true,
					"requires": {
						"get-stdin": "^4.0.1",
						"minimist": "^1.1.0",
						"repeating": "^1.1.0"
					}
				},
				"diff": {
					"version": "5.0.0",
					"resolved": "https://registry.npmjs.org/diff/-/diff-5.0.0.tgz",
					"integrity": "sha512-/VTCrvm5Z0JGty/BWHljh+BAiw3IK+2j87NGMu8Nwc/f48WoDAC395uomO9ZD117ZOBaHmkX1oyLvkVM/aIT3w==",
					"dev": true
				},
				"get-stdin": {
					"version": "4.0.1",
					"resolved": "https://registry.npmjs.org/get-stdin/-/get-stdin-4.0.1.tgz",
					"integrity": "sha1-uWjGsKBDhDJJAui/Gl3zJXmkUP4=",
					"dev": true
				},
				"greedy-interval-packer": {
					"version": "1.2.0",
					"resolved": "https://registry.npmjs.org/greedy-interval-packer/-/greedy-interval-packer-1.2.0.tgz",
					"integrity": "sha1-1toR82Ybt5eBLaeKHqUQZ4oqhzk=",
					"dev": true
				},
				"is-finite": {
					"version": "1.1.0",
					"resolved": "https://registry.npmjs.org/is-finite/-/is-finite-1.1.0.tgz",
					"integrity": "sha512-cdyMtqX/BOqqNBBiKlIVkytNHm49MtMlYyn1zxzvJKWmFMlGzm+ry5BBfYyeY9YmNKbRSo/o7OX9w9ale0wg3w==",
					"dev": true
				},
				"magicpen": {
					"version": "6.2.1",
					"resolved": "https://registry.npmjs.org/magicpen/-/magicpen-6.2.1.tgz",
					"integrity": "sha512-JEkzC2hJmoCRTC8v1lgLIi75aF8pAz72kYZ9l/EorRnBXavPErnBywm/ec3xTDjCPBonsdhNZoRzj+TUfbCYJg==",
					"dev": true,
					"requires": {
						"ansi-styles": "2.0.0",
						"color-diff": "0.1.7"
					}
				},
				"minimist": {
					"version": "1.2.5",
					"resolved": "https://registry.npmjs.org/minimist/-/minimist-1.2.5.tgz",
					"integrity": "sha512-FM9nNUYrRBAELZQT3xeZQ7fmMOBg6nWNmJKTcgsJeaLstP/UODVpGsr5OhXhhXg6f+qtJ8uiZ+PUxkDWcgIXLw==",
					"dev": true
				},
				"repeating": {
					"version": "1.1.3",
					"resolved": "https://registry.npmjs.org/repeating/-/repeating-1.1.3.tgz",
					"integrity": "sha1-PUEUIYh3U3SU+X93+Xhfq4EPpKw=",
					"dev": true,
					"requires": {
						"is-finite": "^1.0.0"
					}
				},
				"ukkonen": {
					"version": "1.4.0",
					"resolved": "https://registry.npmjs.org/ukkonen/-/ukkonen-1.4.0.tgz",
					"integrity": "sha512-g8SLGxflI0/VNH2C8j66KcfJXrU5StJglRQBYPNiChXFlOrqqYM1icOykOAAUgTeBpktaEuCm9hjpPinQ080PA==",
					"dev": true
				},
				"unexpected-bluebird": {
					"version": "2.9.34-longstack2",
					"resolved": "https://registry.npmjs.org/unexpected-bluebird/-/unexpected-bluebird-2.9.34-longstack2.tgz",
					"integrity": "sha1-SaysdTsFVt7WAlIQ7pYYIwfSssk=",
					"dev": true
				}
			}
		},
		"unexpected-dom": {
			"version": "5.0.0",
			"resolved": "https://registry.npmjs.org/unexpected-dom/-/unexpected-dom-5.0.0.tgz",
			"integrity": "sha512-K25jbQ3cKWMflxUFB60ZZa6RWZSLoRC1VWFumTkSIddUG/eJCJpnFDzvfZt6n7ZIMO92GAtRy/+Quod7QSDriA==",
			"dev": true,
			"requires": {
				"extend": "^3.0.1",
				"magicpen-prism": "^4.0.0"
			},
			"dependencies": {
				"clipboard": {
					"version": "2.0.6",
					"resolved": "https://registry.npmjs.org/clipboard/-/clipboard-2.0.6.tgz",
					"integrity": "sha512-g5zbiixBRk/wyKakSwCKd7vQXDjFnAMGHoEyBogG/bw9kTD9GvdAvaoRR1ALcEzt3pVKxZR0pViekPMIS0QyGg==",
					"dev": true,
					"optional": true,
					"requires": {
						"good-listener": "^1.2.2",
						"select": "^1.1.2",
						"tiny-emitter": "^2.0.0"
					}
				},
				"delegate": {
					"version": "3.2.0",
					"resolved": "https://registry.npmjs.org/delegate/-/delegate-3.2.0.tgz",
					"integrity": "sha512-IofjkYBZaZivn0V8nnsMJGBr4jVLxHDheKSW88PyxS5QC4Vo9ZbZVvhzlSxY87fVq3STR6r+4cGepyHkcWOQSw==",
					"dev": true,
					"optional": true
				},
				"extend": {
					"version": "3.0.2",
					"resolved": "https://registry.npmjs.org/extend/-/extend-3.0.2.tgz",
					"integrity": "sha512-fjquC59cD7CyW6urNXK0FBufkZcoiGG80wTuPujX590cB5Ttln20E2UB4S/WARVqhXffZl2LNgS+gQdPIIim/g==",
					"dev": true
				},
				"good-listener": {
					"version": "1.2.2",
					"resolved": "https://registry.npmjs.org/good-listener/-/good-listener-1.2.2.tgz",
					"integrity": "sha1-1TswzfkxPf+33JoNR3CWqm0UXFA=",
					"dev": true,
					"optional": true,
					"requires": {
						"delegate": "^3.1.2"
					}
				},
				"magicpen-prism": {
					"version": "4.1.1",
					"resolved": "https://registry.npmjs.org/magicpen-prism/-/magicpen-prism-4.1.1.tgz",
					"integrity": "sha512-WiW87nVxaipTFw2EO6Vp4KJ/PIyVtfrE33T8x8NqaYYj+eUrVxcnJS+GY/ioD+MwH4EnU1xBSnLxHcGFLAKrhw==",
					"dev": true,
					"requires": {
						"prismjs": "^1.21.0"
					}
				},
				"prismjs": {
					"version": "1.23.0",
					"resolved": "https://registry.npmjs.org/prismjs/-/prismjs-1.23.0.tgz",
					"integrity": "sha512-c29LVsqOaLbBHuIbsTxaKENh1N2EQBOHaWv7gkHN4dgRbxSREqDnDbtFJYdpPauS4YCplMSNCABQ6Eeor69bAA==",
					"dev": true,
					"requires": {
						"clipboard": "^2.0.0"
					}
				},
				"select": {
					"version": "1.1.2",
					"resolved": "https://registry.npmjs.org/select/-/select-1.1.2.tgz",
					"integrity": "sha1-DnNQrN7ICxEIUoeG7B1EGNEbOW0=",
					"dev": true,
					"optional": true
				},
				"tiny-emitter": {
					"version": "2.1.0",
					"resolved": "https://registry.npmjs.org/tiny-emitter/-/tiny-emitter-2.1.0.tgz",
					"integrity": "sha512-NB6Dk1A9xgQPMoGqC5CVXn123gWyte215ONT5Pp5a0yt4nlEoO1ZWeCwpncaekPHXO60i47ihFnZPiRPjRMq4Q==",
					"dev": true,
					"optional": true
				}
			}
		}
	}
}
